github.com/fsnotify/fsnotify v1.5.1 h1:mZcQUHVQUQWoPXXtuf9yuEXKudkV2sx1E06UadKWpgI=
github.com/fsnotify/fsnotify v1.5.1/go.mod h1:T3375wBYaZdLLcVNkcVbzGHY7f1l/uK5T5Ai1i3InKU=
github.com/gogf/greuse v1.1.0 h1:tID8vkYr1Hx4sNvXMY1nLacJjhoXeUwW0uyztVVpgzk=
github.com/gogf/greuse v1.1.0/go.mod h1:lZZcvDkB3mLtr6y4mQg7HTG4rnmoT1z962appNLMPGI=
github.com/wzshiming/cmux v0.2.2 h1:U6IH96kRFxnnjy3duskHvp237o8cK6gILQYIROE3NI4=
github.com/wzshiming/cmux v0.2.2/go.mod h1:Vgdbl+BdSp0X3zHw3P+XW4sxyorR5y9NiKjRGRRnJdo=
github.com/wzshiming/hostmatcher v0.0.1 h1:vPrUEXsd+khvN5W7I4rJ73vYaUvnBCodvtuyCU+q1HQ=
github.com/wzshiming/hostmatcher v0.0.1/go.mod h1:3EyfIDuzQyo0tqrCtcUkD5UvAsdxOUb/RbcYOiPTh1E=
github.com/wzshiming/sni v0.0.1 h1:pqd/C81ULONYUoz360LOHEe9CmxmqdC04A0uYX2LUWE=
github.com/wzshiming/sni v0.0.1/go.mod h1:YTtKqbxht8T6b9UMRgAfDpnygP9SUYR7v0oF9Uzr/ug=
github.com/wzshiming/trie v0.0.1 h1:6xnhRyO5tZWR6aKjEpFfm8KSNNHYsNbpKrY1+NdyHME=
github.com/wzshiming/trie v0.0.1/go.mod h1:Z20IrQFTHnjWz//dssIoiEPWInBZFyuFlPOFPxV0Rec=
golang.org/x/net v0.0.0-20211205041911-012df41ee64c h1:7SfqwP5fxEtl/P02w5IhKc86ziJ+A25yFrkVgoy2FT8=
golang.org/x/net v0.0.0-20211205041911-012df41ee64c/go.mod h1:9nx3DQGgdP8bBQD5qxJ1jj9UTztislL4KSBs9R2vV5Y=
golang.org/x/sys v0.0.0-20191210023423-ac6580df4449/go.mod h1:h1NjWce9XRLGQEsW7wpKNCjG9DtNlClVuFLEZdDNbEs=
golang.org/x/sys v0.0.0-20201119102817-f84b799fce68/go.mod h1:h1NjWce9XRLGQEsW7wpKNCjG9DtNlClVuFLEZdDNbEs=
golang.org/x/sys v0.0.0-20210423082822-04245dca01da/go.mod h1:h1NjWce9XRLGQEsW7wpKNCjG9DtNlClVuFLEZdDNbEs=
golang.org/x/sys v0.0.0-20210630005230-0f9fa26af87c h1:F1jZWGFhYfh0Ci55sIpILtKKK8p3i2/krTr0H1rg74I=
golang.org/x/sys v0.0.0-20210630005230-0f9fa26af87c/go.mod h1:oPkhp1MJrh7nUepCBck5+mAzfO9JrbApNNgaTdGDITg=
golang.org/x/term v0.0.0-20201126162022-7de9c90e9dd1/go.mod h1:bj7SfCRtBDWHUb9snDiAeCFNEtKQo2Wmx5Cou7ajbmo=
golang.org/x/text v0.3.6 h1:aRYxNxv6iGQlyVaZmk6ZgYEDa+Jg18DxebPSrd6bg1M=
golang.org/x/text v0.3.6/go.mod h1:5Zoc/QRtKVWzQhOtBMvqHzDpF6irO9z98xDceosuGiQ=
golang.org/x/tools v0.0.0-20180917221912-90fa682c2a6e/go.mod h1:n7NCudcB/nEzxVGmLbDWY5pfWTLqBcC2KZ6jyYvM4mQ=
